# THIS IS AN AUTOGENERATED FILE. DO NOT EDIT THIS FILE DIRECTLY.
# yarn lockfile v1


"@dico/client@0.0.7":
  version "0.0.7"
  resolved "https://registry.yarnpkg.com/@dico/client/-/client-0.0.7.tgz#5cb18f4b70cc2e5024f12149a5d2595c3b5b947c"
  integrity sha512-ncZ2kvrQ8OBzpRbhZAI8rhvRldLD9xsu3CUiLWYnNjgwZ3In8EbAm5SdQUmKO9r9ytobxwD6Z+xLX2oNCCwIdw==
  dependencies:
    consola "^2.15.3"
    detect-indent "^6.1.0"
    exit "^0.1.2"
    node-fetch "^2.6.1"
    rc9 "^1.2.0"

consola@^2.15.3:
  version "2.15.3"
  resolved "https://registry.yarnpkg.com/consola/-/consola-2.15.3.tgz#2e11f98d6a4be71ff72e0bdf07bd23e12cb61550"
  integrity sha512-9vAdYbHj6x2fLKC4+oPH0kFzY/orMZyG2Aj+kNylHxKGJ/Ed4dpNyAQYwJOdqO4zdM7XpVHmyejQDcQHrnuXbw==

defu@^2.0.4:
  version "2.0.4"
  resolved "https://registry.yarnpkg.com/defu/-/defu-2.0.4.tgz#09659a6e87a8fd7178be13bd43e9357ebf6d1c46"
  integrity sha512-G9pEH1UUMxShy6syWk01VQSRVs3CDWtlxtZu7A+NyqjxaCA4gSlWAKDBx6QiUEKezqS8+DUlXLI14Fp05Hmpwg==

destr@^1.0.0:
  version "1.1.0"
  resolved "https://registry.yarnpkg.com/destr/-/destr-1.1.0.tgz#2da6add6ba71e04fd0abfb1e642d4f6763235095"
  integrity sha512-Ev/sqS5AzzDwlpor/5wFCDu0dYMQu/0x2D6XfAsQ0E7uQmamIgYJ6Dppo2T2EOFVkeVYWjc+PCLKaqZZ57qmLg==

detect-indent@^6.1.0:
  version "6.1.0"
  resolved "https://registry.yarnpkg.com/detect-indent/-/detect-indent-6.1.0.tgz#592485ebbbf6b3b1ab2be175c8393d04ca0d57e6"
  integrity sha512-reYkTUJAZb9gUuZ2RvVCNhVHdg62RHnJ7WJl8ftMi4diZ6NWlciOzQN88pUhSELEwflJht4oQDv0F0BMlwaYtA==

exit@^0.1.2:
  version "0.1.2"
  resolved "https://registry.yarnpkg.com/exit/-/exit-0.1.2.tgz#0632638f8d877cc82107d30a0fff1a17cba1cd0c"
  integrity sha1-BjJjj42HfMghB9MKD/8aF8uhzQw=

flat@^5.0.0:
  version "5.0.2"
  resolved "https://registry.yarnpkg.com/flat/-/flat-5.0.2.tgz#8ca6fe332069ffa9d324c327198c598259ceb241"
  integrity sha512-b6suED+5/3rTpUBdG1gupIl8MPFCAMA0QXwmljLhvCUKcUvdE4gWky9zpuGCcXHOsz4J9wPGNWq6OKpmIzz3hQ==

node-fetch@^2.6.1:
  version "2.6.1"
  resolved "https://registry.yarnpkg.com/node-fetch/-/node-fetch-2.6.1.tgz#045bd323631f76ed2e2b55573394416b639a0052"
  integrity sha512-V4aYg89jEoVRxRb2fJdAg8FHvI7cEyYdVAh94HH0UIK8oJxUfkjlDQN9RbMx+bEjP7+ggMiFRprSti032Oipxw==

rc9@^1.2.0:
  version "1.2.0"
  resolved "https://registry.yarnpkg.com/rc9/-/rc9-1.2.0.tgz#ef098181fdde714efc4c426383d6e46c14b1254a"
  integrity sha512-/jknmhG0USFAx5uoKkAKhtG40sONds9RWhFHrP1UzJ3OvVfqFWOypSUpmsQD0fFwAV7YtzHhsn3QNasfAoxgcQ==
  dependencies:
    defu "^2.0.4"
    destr "^1.0.0"
    flat "^5.0.0"
